// !$*UTF8*$!
{
	archiveVersion = 1;
	classes = {
	};
	objectVersion = 46;
	objects = {

/* Begin PBXBuildFile section */
		C60B91551B3AE1B90000E035 /* NicoLiveAlert.xib in Resources */ = {isa = PBXBuildFile; fileRef = C60B91531B3AE1B90000E035 /* NicoLiveAlert.xib */; };
		C60B91581B3AE1C90000E035 /* NicoLiveAlert.m in Sources */ = {isa = PBXBuildFile; fileRef = C60B91561B3AE1C90000E035 /* NicoLiveAlert.m */; };
		C60B915C1B3AE1E10000E035 /* main.m in Sources */ = {isa = PBXBuildFile; fileRef = C60B915A1B3AE1E10000E035 /* main.m */; };
		C60B91621B3AE32E0000E035 /* YCStreamSessionGCD.m in Sources */ = {isa = PBXBuildFile; fileRef = C60B915E1B3AE32E0000E035 /* YCStreamSessionGCD.m */; };
		C60B91631B3AE32E0000E035 /* HTTPConnection.m in Sources */ = {isa = PBXBuildFile; fileRef = C60B91601B3AE32E0000E035 /* HTTPConnection.m */; };
		C60B916A1B3AEDF70000E035 /* MASPreferencesWindowController.m in Sources */ = {isa = PBXBuildFile; fileRef = C60B91661B3AEDF70000E035 /* MASPreferencesWindowController.m */; };
		C60B916B1B3AEDF70000E035 /* MASPreferencesWindow.xib in Resources */ = {isa = PBXBuildFile; fileRef = C60B91681B3AEDF70000E035 /* MASPreferencesWindow.xib */; };
		C60B91731B3AF8C20000E035 /* Sparkle.framework in Frameworks */ = {isa = PBXBuildFile; fileRef = C60B91721B3AF8C20000E035 /* Sparkle.framework */; };
		C60B91751B3AF8CB0000E035 /* Growl.framework in Frameworks */ = {isa = PBXBuildFile; fileRef = C60B91741B3AF8CB0000E035 /* Growl.framework */; };
		C60B91771B3AF8D70000E035 /* CocoaOniguruma.framework in Frameworks */ = {isa = PBXBuildFile; fileRef = C60B91761B3AF8D70000E035 /* CocoaOniguruma.framework */; };
		C60B917B1B3AF9C80000E035 /* QuartzCore.framework in Frameworks */ = {isa = PBXBuildFile; fileRef = C60B91791B3AF9BE0000E035 /* QuartzCore.framework */; };
		C60B917C1B3AF9D10000E035 /* CocoaOniguruma.framework in Copy Frameworks */ = {isa = PBXBuildFile; fileRef = C60B91761B3AF8D70000E035 /* CocoaOniguruma.framework */; settings = {ATTRIBUTES = (CodeSignOnCopy, RemoveHeadersOnCopy, ); }; };
		C60B917D1B3AF9DB0000E035 /* Growl.framework in Copy Frameworks */ = {isa = PBXBuildFile; fileRef = C60B91741B3AF8CB0000E035 /* Growl.framework */; settings = {ATTRIBUTES = (CodeSignOnCopy, RemoveHeadersOnCopy, ); }; };
		C60B917E1B3AF9E30000E035 /* Sparkle.framework in Copy Frameworks */ = {isa = PBXBuildFile; fileRef = C60B91721B3AF8C20000E035 /* Sparkle.framework */; settings = {ATTRIBUTES = (CodeSignOnCopy, RemoveHeadersOnCopy, ); }; };
		C623A9461B46A0CE00E63AD6 /* NLAUser.m in Sources */ = {isa = PBXBuildFile; fileRef = C623A9451B46A0CE00E63AD6 /* NLAUser.m */; };
		C630C70D1B42CA5200128604 /* WatchlistController.m in Sources */ = {isa = PBXBuildFile; fileRef = C630C70B1B42CA5200128604 /* WatchlistController.m */; };
		C630C7121B42CF5600128604 /* AccountController.m in Sources */ = {isa = PBXBuildFile; fileRef = C630C7101B42CF5600128604 /* AccountController.m */; };
		C630C7171B42CFA600128604 /* CollaborationController.m in Sources */ = {isa = PBXBuildFile; fileRef = C630C7151B42CFA600128604 /* CollaborationController.m */; };
		C630C71C1B42D15400128604 /* AboutController.m in Sources */ = {isa = PBXBuildFile; fileRef = C630C71A1B42D15400128604 /* AboutController.m */; };
		C630C7261B42D24F00128604 /* AboutController.xib in Resources */ = {isa = PBXBuildFile; fileRef = C630C71E1B42D24F00128604 /* AboutController.xib */; };
		C630C7271B42D24F00128604 /* CollaborationController.xib in Resources */ = {isa = PBXBuildFile; fileRef = C630C7201B42D24F00128604 /* CollaborationController.xib */; };
		C630C7281B42D24F00128604 /* AccountController.xib in Resources */ = {isa = PBXBuildFile; fileRef = C630C7221B42D24F00128604 /* AccountController.xib */; };
		C630C7291B42D24F00128604 /* WatchlistController.xib in Resources */ = {isa = PBXBuildFile; fileRef = C630C7241B42D24F00128604 /* WatchlistController.xib */; };
		C63A6E901B3ADF100022A385 /* Images.xcassets in Resources */ = {isa = PBXBuildFile; fileRef = C63A6E8F1B3ADF100022A385 /* Images.xcassets */; };
		C63A6E9F1B3ADF100022A385 /* NicoLiveAlertTests.m in Sources */ = {isa = PBXBuildFile; fileRef = C63A6E9E1B3ADF100022A385 /* NicoLiveAlertTests.m */; };
		C69B2CB01B44E777002233FB /* NicoLiveAlert.icns in Resources */ = {isa = PBXBuildFile; fileRef = C69B2CAF1B44E777002233FB /* NicoLiveAlert.icns */; };
		C69B2CB41B44E78B002233FB /* watch.png in Resources */ = {isa = PBXBuildFile; fileRef = C69B2CB11B44E78B002233FB /* watch.png */; };
		C69B2CB51B44E78B002233FB /* sbicon.png in Resources */ = {isa = PBXBuildFile; fileRef = C69B2CB21B44E78B002233FB /* sbicon.png */; };
		C69B2CB61B44E78B002233FB /* Applications.png in Resources */ = {isa = PBXBuildFile; fileRef = C69B2CB31B44E78B002233FB /* Applications.png */; };
		C69B2CB81B44E8D7002233FB /* Password.png in Resources */ = {isa = PBXBuildFile; fileRef = C69B2CB71B44E8D7002233FB /* Password.png */; };
		C69B2CBB1B451505002233FB /* UsersDefaults.plist in Resources */ = {isa = PBXBuildFile; fileRef = C69B2CBA1B451505002233FB /* UsersDefaults.plist */; };
		C69B2CBD1B45245F002233FB /* About.png in Resources */ = {isa = PBXBuildFile; fileRef = C69B2CBC1B45245F002233FB /* About.png */; };
		C69B2CC21B45504B002233FB /* WatchItemsManager.m in Sources */ = {isa = PBXBuildFile; fileRef = C69B2CC11B45504B002233FB /* WatchItemsManager.m */; };
		C6BDF92E1B3D3D580041F90F /* YCKeychainService.framework in Frameworks */ = {isa = PBXBuildFile; fileRef = C6BDF92D1B3D3D580041F90F /* YCKeychainService.framework */; };
		C6BDF92F1B3D3D670041F90F /* YCKeychainService.framework in Copy Frameworks */ = {isa = PBXBuildFile; fileRef = C6BDF92D1B3D3D580041F90F /* YCKeychainService.framework */; settings = {ATTRIBUTES = (CodeSignOnCopy, RemoveHeadersOnCopy, ); }; };
/* End PBXBuildFile section */

/* Begin PBXContainerItemProxy section */
		C63A6E991B3ADF100022A385 /* PBXContainerItemProxy */ = {
			isa = PBXContainerItemProxy;
			containerPortal = C63A6E7D1B3ADF100022A385 /* Project object */;
			proxyType = 1;
			remoteGlobalIDString = C63A6E841B3ADF100022A385;
			remoteInfo = NicoLiveAlert;
		};
/* End PBXContainerItemProxy section */

/* Begin PBXCopyFilesBuildPhase section */
		C60B91781B3AF9A60000E035 /* Copy Frameworks */ = {
			isa = PBXCopyFilesBuildPhase;
			buildActionMask = 2147483647;
			dstPath = "";
			dstSubfolderSpec = 10;
			files = (
				C6BDF92F1B3D3D670041F90F /* YCKeychainService.framework in Copy Frameworks */,
				C60B917C1B3AF9D10000E035 /* CocoaOniguruma.framework in Copy Frameworks */,
				C60B917D1B3AF9DB0000E035 /* Growl.framework in Copy Frameworks */,
				C60B917E1B3AF9E30000E035 /* Sparkle.framework in Copy Frameworks */,
			);
			name = "Copy Frameworks";
			runOnlyForDeploymentPostprocessing = 0;
		};
/* End PBXCopyFilesBuildPhase section */

/* Begin PBXFileReference section */
		C60B91541B3AE1B90000E035 /* en */ = {isa = PBXFileReference; lastKnownFileType = file.xib; name = en; path = Localizable/en.lproj/NicoLiveAlert.xib; sourceTree = "<group>"; };
		C60B91561B3AE1C90000E035 /* NicoLiveAlert.m */ = {isa = PBXFileReference; fileEncoding = 4; lastKnownFileType = sourcecode.c.objc; name = NicoLiveAlert.m; path = Application/NicoLiveAlert.m; sourceTree = "<group>"; };
		C60B91571B3AE1C90000E035 /* NicoLiveAlert.h */ = {isa = PBXFileReference; fileEncoding = 4; lastKnownFileType = sourcecode.c.h; name = NicoLiveAlert.h; path = Application/NicoLiveAlert.h; sourceTree = "<group>"; };
		C60B91591B3AE1E10000E035 /* Info.plist */ = {isa = PBXFileReference; fileEncoding = 4; lastKnownFileType = text.plist.xml; name = Info.plist; path = "Supporting Files/Info.plist"; sourceTree = "<group>"; };
		C60B915A1B3AE1E10000E035 /* main.m */ = {isa = PBXFileReference; fileEncoding = 4; lastKnownFileType = sourcecode.c.objc; name = main.m; path = "Supporting Files/main.m"; sourceTree = "<group>"; };
		C60B915E1B3AE32E0000E035 /* YCStreamSessionGCD.m */ = {isa = PBXFileReference; fileEncoding = 4; lastKnownFileType = sourcecode.c.objc; name = YCStreamSessionGCD.m; path = Network/YCStreamSessionGCD.m; sourceTree = "<group>"; };
		C60B915F1B3AE32E0000E035 /* YCStreamSessionGCD.h */ = {isa = PBXFileReference; fileEncoding = 4; lastKnownFileType = sourcecode.c.h; name = YCStreamSessionGCD.h; path = Network/YCStreamSessionGCD.h; sourceTree = "<group>"; };
		C60B91601B3AE32E0000E035 /* HTTPConnection.m */ = {isa = PBXFileReference; fileEncoding = 4; lastKnownFileType = sourcecode.c.objc; name = HTTPConnection.m; path = Network/HTTPConnection.m; sourceTree = "<group>"; };
		C60B91611B3AE32E0000E035 /* HTTPConnection.h */ = {isa = PBXFileReference; fileEncoding = 4; lastKnownFileType = sourcecode.c.h; name = HTTPConnection.h; path = Network/HTTPConnection.h; sourceTree = "<group>"; };
		C60B91661B3AEDF70000E035 /* MASPreferencesWindowController.m */ = {isa = PBXFileReference; fileEncoding = 4; lastKnownFileType = sourcecode.c.objc; name = MASPreferencesWindowController.m; path = Preference/MASPreferences/MASPreferencesWindowController.m; sourceTree = "<group>"; };
		C60B91671B3AEDF70000E035 /* MASPreferencesWindowController.h */ = {isa = PBXFileReference; fileEncoding = 4; lastKnownFileType = sourcecode.c.h; name = MASPreferencesWindowController.h; path = Preference/MASPreferences/MASPreferencesWindowController.h; sourceTree = "<group>"; };
		C60B91681B3AEDF70000E035 /* MASPreferencesWindow.xib */ = {isa = PBXFileReference; fileEncoding = 4; lastKnownFileType = file.xib; name = MASPreferencesWindow.xib; path = Preference/MASPreferences/MASPreferencesWindow.xib; sourceTree = "<group>"; };
		C60B91691B3AEDF70000E035 /* MASPreferencesViewController.h */ = {isa = PBXFileReference; fileEncoding = 4; lastKnownFileType = sourcecode.c.h; name = MASPreferencesViewController.h; path = Preference/MASPreferences/MASPreferencesViewController.h; sourceTree = "<group>"; };
		C60B91721B3AF8C20000E035 /* Sparkle.framework */ = {isa = PBXFileReference; lastKnownFileType = wrapper.framework; name = Sparkle.framework; path = External/Sparkle/1.10/Sparkle.framework; sourceTree = SOURCE_ROOT; };
		C60B91741B3AF8CB0000E035 /* Growl.framework */ = {isa = PBXFileReference; lastKnownFileType = wrapper.framework; name = Growl.framework; path = External/Growl/Framework/Growl.framework; sourceTree = SOURCE_ROOT; };
		C60B91761B3AF8D70000E035 /* CocoaOniguruma.framework */ = {isa = PBXFileReference; lastKnownFileType = wrapper.framework; name = CocoaOniguruma.framework; path = External/CocoaOniguruma/CocoaOniguruma.framework; sourceTree = SOURCE_ROOT; };
		C60B91791B3AF9BE0000E035 /* QuartzCore.framework */ = {isa = PBXFileReference; lastKnownFileType = wrapper.framework; name = QuartzCore.framework; path = System/Library/Frameworks/QuartzCore.framework; sourceTree = SDKROOT; };
		C623A9441B46A0CE00E63AD6 /* NLAUser.h */ = {isa = PBXFileReference; fileEncoding = 4; lastKnownFileType = sourcecode.c.h; name = NLAUser.h; path = UserManagement/NLAUser.h; sourceTree = "<group>"; };
		C623A9451B46A0CE00E63AD6 /* NLAUser.m */ = {isa = PBXFileReference; fileEncoding = 4; lastKnownFileType = sourcecode.c.objc; name = NLAUser.m; path = UserManagement/NLAUser.m; sourceTree = "<group>"; };
		C630C70A1B42CA5200128604 /* WatchlistController.h */ = {isa = PBXFileReference; fileEncoding = 4; lastKnownFileType = sourcecode.c.h; name = WatchlistController.h; path = Preference/WatchlistController.h; sourceTree = "<group>"; };
		C630C70B1B42CA5200128604 /* WatchlistController.m */ = {isa = PBXFileReference; fileEncoding = 4; lastKnownFileType = sourcecode.c.objc; name = WatchlistController.m; path = Preference/WatchlistController.m; sourceTree = "<group>"; };
		C630C70F1B42CF5600128604 /* AccountController.h */ = {isa = PBXFileReference; fileEncoding = 4; lastKnownFileType = sourcecode.c.h; name = AccountController.h; path = Preference/AccountController.h; sourceTree = "<group>"; };
		C630C7101B42CF5600128604 /* AccountController.m */ = {isa = PBXFileReference; fileEncoding = 4; lastKnownFileType = sourcecode.c.objc; name = AccountController.m; path = Preference/AccountController.m; sourceTree = "<group>"; };
		C630C7141B42CFA600128604 /* CollaborationController.h */ = {isa = PBXFileReference; fileEncoding = 4; lastKnownFileType = sourcecode.c.h; name = CollaborationController.h; path = Preference/CollaborationController.h; sourceTree = "<group>"; };
		C630C7151B42CFA600128604 /* CollaborationController.m */ = {isa = PBXFileReference; fileEncoding = 4; lastKnownFileType = sourcecode.c.objc; name = CollaborationController.m; path = Preference/CollaborationController.m; sourceTree = "<group>"; };
		C630C7191B42D15400128604 /* AboutController.h */ = {isa = PBXFileReference; fileEncoding = 4; lastKnownFileType = sourcecode.c.h; name = AboutController.h; path = Preference/AboutController.h; sourceTree = "<group>"; };
		C630C71A1B42D15400128604 /* AboutController.m */ = {isa = PBXFileReference; fileEncoding = 4; lastKnownFileType = sourcecode.c.objc; name = AboutController.m; path = Preference/AboutController.m; sourceTree = "<group>"; };
		C630C71F1B42D24F00128604 /* en */ = {isa = PBXFileReference; lastKnownFileType = file.xib; name = en; path = Localizable/en.lproj/AboutController.xib; sourceTree = "<group>"; };
		C630C7211B42D24F00128604 /* en */ = {isa = PBXFileReference; lastKnownFileType = file.xib; name = en; path = Localizable/en.lproj/CollaborationController.xib; sourceTree = "<group>"; };
		C630C7231B42D24F00128604 /* en */ = {isa = PBXFileReference; lastKnownFileType = file.xib; name = en; path = Localizable/en.lproj/AccountController.xib; sourceTree = "<group>"; };
		C630C7251B42D24F00128604 /* en */ = {isa = PBXFileReference; lastKnownFileType = file.xib; name = en; path = Localizable/en.lproj/WatchlistController.xib; sourceTree = "<group>"; };
		C63A6E851B3ADF100022A385 /* NicoLiveAlert.app */ = {isa = PBXFileReference; explicitFileType = wrapper.application; includeInIndex = 0; path = NicoLiveAlert.app; sourceTree = BUILT_PRODUCTS_DIR; };
		C63A6E8F1B3ADF100022A385 /* Images.xcassets */ = {isa = PBXFileReference; lastKnownFileType = folder.assetcatalog; path = Images.xcassets; sourceTree = "<group>"; };
		C63A6E981B3ADF100022A385 /* NicoLiveAlertTests.xctest */ = {isa = PBXFileReference; explicitFileType = wrapper.cfbundle; includeInIndex = 0; path = NicoLiveAlertTests.xctest; sourceTree = BUILT_PRODUCTS_DIR; };
		C63A6E9D1B3ADF100022A385 /* Info.plist */ = {isa = PBXFileReference; lastKnownFileType = text.plist.xml; path = Info.plist; sourceTree = "<group>"; };
		C63A6E9E1B3ADF100022A385 /* NicoLiveAlertTests.m */ = {isa = PBXFileReference; lastKnownFileType = sourcecode.c.objc; path = NicoLiveAlertTests.m; sourceTree = "<group>"; };
		C69B2CAF1B44E777002233FB /* NicoLiveAlert.icns */ = {isa = PBXFileReference; lastKnownFileType = image.icns; name = NicoLiveAlert.icns; path = Images/NicoLiveAlert.icns; sourceTree = SOURCE_ROOT; };
		C69B2CB11B44E78B002233FB /* watch.png */ = {isa = PBXFileReference; lastKnownFileType = image.png; name = watch.png; path = Images/watch.png; sourceTree = SOURCE_ROOT; };
		C69B2CB21B44E78B002233FB /* sbicon.png */ = {isa = PBXFileReference; lastKnownFileType = image.png; name = sbicon.png; path = Images/sbicon.png; sourceTree = SOURCE_ROOT; };
		C69B2CB31B44E78B002233FB /* Applications.png */ = {isa = PBXFileReference; lastKnownFileType = image.png; name = Applications.png; path = Images/Applications.png; sourceTree = SOURCE_ROOT; };
		C69B2CB71B44E8D7002233FB /* Password.png */ = {isa = PBXFileReference; lastKnownFileType = image.png; name = Password.png; path = Images/Password.png; sourceTree = SOURCE_ROOT; };
		C69B2CB91B451479002233FB /* NicoLiveAlertPreferencesDefinitions.h */ = {isa = PBXFileReference; lastKnownFileType = sourcecode.c.h; name = NicoLiveAlertPreferencesDefinitions.h; path = Preference/NicoLiveAlertPreferencesDefinitions.h; sourceTree = "<group>"; };
		C69B2CBA1B451505002233FB /* UsersDefaults.plist */ = {isa = PBXFileReference; fileEncoding = 4; lastKnownFileType = text.plist.xml; name = UsersDefaults.plist; path = Preference/UsersDefaults.plist; sourceTree = "<group>"; };
		C69B2CBC1B45245F002233FB /* About.png */ = {isa = PBXFileReference; lastKnownFileType = image.png; name = About.png; path = Images/About.png; sourceTree = SOURCE_ROOT; };
		C69B2CBE1B453314002233FB /* NicoLiveAlertDefinitions.h */ = {isa = PBXFileReference; lastKnownFileType = sourcecode.c.h; name = NicoLiveAlertDefinitions.h; path = Application/NicoLiveAlertDefinitions.h; sourceTree = "<group>"; };
		C69B2CC01B45504B002233FB /* WatchItemsManager.h */ = {isa = PBXFileReference; fileEncoding = 4; lastKnownFileType = sourcecode.c.h; name = WatchItemsManager.h; path = "Program Management/WatchItemsManager.h"; sourceTree = "<group>"; };
		C69B2CC11B45504B002233FB /* WatchItemsManager.m */ = {isa = PBXFileReference; fileEncoding = 4; lastKnownFileType = sourcecode.c.objc; name = WatchItemsManager.m; path = "Program Management/WatchItemsManager.m"; sourceTree = "<group>"; };
		C69B2CC31B455B30002233FB /* NicoLiveAlert.entitlements */ = {isa = PBXFileReference; lastKnownFileType = text.xml; path = NicoLiveAlert.entitlements; sourceTree = "<group>"; };
		C6BDF92D1B3D3D580041F90F /* YCKeychainService.framework */ = {isa = PBXFileReference; lastKnownFileType = wrapper.framework; name = YCKeychainService.framework; path = External/YCKeychainService/YCKeychainService.framework; sourceTree = SOURCE_ROOT; };
/* End PBXFileReference section */

/* Begin PBXFrameworksBuildPhase section */
		C63A6E821B3ADF100022A385 /* Frameworks */ = {
			isa = PBXFrameworksBuildPhase;
			buildActionMask = 2147483647;
			files = (
				C60B917B1B3AF9C80000E035 /* QuartzCore.framework in Frameworks */,
				C60B91771B3AF8D70000E035 /* CocoaOniguruma.framework in Frameworks */,
				C6BDF92E1B3D3D580041F90F /* YCKeychainService.framework in Frameworks */,
				C60B91751B3AF8CB0000E035 /* Growl.framework in Frameworks */,
				C60B91731B3AF8C20000E035 /* Sparkle.framework in Frameworks */,
			);
			runOnlyForDeploymentPostprocessing = 0;
		};
		C63A6E951B3ADF100022A385 /* Frameworks */ = {
			isa = PBXFrameworksBuildPhase;
			buildActionMask = 2147483647;
			files = (
			);
			runOnlyForDeploymentPostprocessing = 0;
		};
/* End PBXFrameworksBuildPhase section */

/* Begin PBXGroup section */
		C60B91521B3AE1A90000E035 /* Application */ = {
			isa = PBXGroup;
			children = (
				C69B2CBE1B453314002233FB /* NicoLiveAlertDefinitions.h */,
				C60B91571B3AE1C90000E035 /* NicoLiveAlert.h */,
				C60B91561B3AE1C90000E035 /* NicoLiveAlert.m */,
				C60B91531B3AE1B90000E035 /* NicoLiveAlert.xib */,
			);
			name = Application;
			sourceTree = "<group>";
		};
		C60B915D1B3AE31B0000E035 /* Network */ = {
			isa = PBXGroup;
			children = (
				C60B91611B3AE32E0000E035 /* HTTPConnection.h */,
				C60B91601B3AE32E0000E035 /* HTTPConnection.m */,
				C60B915F1B3AE32E0000E035 /* YCStreamSessionGCD.h */,
				C60B915E1B3AE32E0000E035 /* YCStreamSessionGCD.m */,
			);
			name = Network;
			sourceTree = "<group>";
		};
		C60B91641B3AEDCC0000E035 /* Preferences */ = {
			isa = PBXGroup;
			children = (
				C69B2CB91B451479002233FB /* NicoLiveAlertPreferencesDefinitions.h */,
				C69B2CBA1B451505002233FB /* UsersDefaults.plist */,
				C60B91651B3AEDDE0000E035 /* MASPreferences */,
				C630C70A1B42CA5200128604 /* WatchlistController.h */,
				C630C70B1B42CA5200128604 /* WatchlistController.m */,
				C630C7241B42D24F00128604 /* WatchlistController.xib */,
				C630C70F1B42CF5600128604 /* AccountController.h */,
				C630C7101B42CF5600128604 /* AccountController.m */,
				C630C7221B42D24F00128604 /* AccountController.xib */,
				C630C7141B42CFA600128604 /* CollaborationController.h */,
				C630C7151B42CFA600128604 /* CollaborationController.m */,
				C630C7201B42D24F00128604 /* CollaborationController.xib */,
				C630C7191B42D15400128604 /* AboutController.h */,
				C630C71A1B42D15400128604 /* AboutController.m */,
				C630C71E1B42D24F00128604 /* AboutController.xib */,
			);
			name = Preferences;
			sourceTree = "<group>";
		};
		C60B91651B3AEDDE0000E035 /* MASPreferences */ = {
			isa = PBXGroup;
			children = (
				C60B91691B3AEDF70000E035 /* MASPreferencesViewController.h */,
				C60B91671B3AEDF70000E035 /* MASPreferencesWindowController.h */,
				C60B91661B3AEDF70000E035 /* MASPreferencesWindowController.m */,
				C60B91681B3AEDF70000E035 /* MASPreferencesWindow.xib */,
			);
			name = MASPreferences;
			sourceTree = "<group>";
		};
		C60B916C1B3AF6DE0000E035 /* Frameworks */ = {
			isa = PBXGroup;
			children = (
				C60B91791B3AF9BE0000E035 /* QuartzCore.framework */,
				C6BDF92C1B3D3D3A0041F90F /* YCKeychainService */,
				C60B916F1B3AF7240000E035 /* CocoaOniguruma */,
				C60B916E1B3AF7170000E035 /* Growl */,
				C60B916D1B3AF7000000E035 /* Sparkle */,
			);
			name = Frameworks;
			sourceTree = "<group>";
		};
		C60B916D1B3AF7000000E035 /* Sparkle */ = {
			isa = PBXGroup;
			children = (
				C60B91701B3AF7300000E035 /* 1.10 */,
			);
			name = Sparkle;
			sourceTree = "<group>";
		};
		C60B916E1B3AF7170000E035 /* Growl */ = {
			isa = PBXGroup;
			children = (
				C60B91711B3AF7370000E035 /* 2.0 */,
			);
			name = Growl;
			sourceTree = "<group>";
		};
		C60B916F1B3AF7240000E035 /* CocoaOniguruma */ = {
			isa = PBXGroup;
			children = (
				C60B91761B3AF8D70000E035 /* CocoaOniguruma.framework */,
			);
			name = CocoaOniguruma;
			sourceTree = "<group>";
		};
		C60B91701B3AF7300000E035 /* 1.10 */ = {
			isa = PBXGroup;
			children = (
				C60B91721B3AF8C20000E035 /* Sparkle.framework */,
			);
			name = 1.10;
			sourceTree = "<group>";
		};
		C60B91711B3AF7370000E035 /* 2.0 */ = {
			isa = PBXGroup;
			children = (
				C60B91741B3AF8CB0000E035 /* Growl.framework */,
			);
			name = 2.0;
			sourceTree = "<group>";
		};
		C623A9431B469E3300E63AD6 /* UserManagement */ = {
			isa = PBXGroup;
			children = (
				C623A9441B46A0CE00E63AD6 /* NLAUser.h */,
				C623A9451B46A0CE00E63AD6 /* NLAUser.m */,
			);
			name = UserManagement;
			sourceTree = "<group>";
		};
		C63A6E7C1B3ADF100022A385 = {
			isa = PBXGroup;
			children = (
				C63A6E871B3ADF100022A385 /* NicoLiveAlert */,
				C63A6E9B1B3ADF100022A385 /* NicoLiveAlertTests */,
				C63A6E861B3ADF100022A385 /* Products */,
			);
			sourceTree = "<group>";
		};
		C63A6E861B3ADF100022A385 /* Products */ = {
			isa = PBXGroup;
			children = (
				C63A6E851B3ADF100022A385 /* NicoLiveAlert.app */,
				C63A6E981B3ADF100022A385 /* NicoLiveAlertTests.xctest */,
			);
			name = Products;
			sourceTree = "<group>";
		};
		C63A6E871B3ADF100022A385 /* NicoLiveAlert */ = {
			isa = PBXGroup;
			children = (
				C623A9431B469E3300E63AD6 /* UserManagement */,
				C69B2CBF1B454E83002233FB /* Program Management */,
				C60B915D1B3AE31B0000E035 /* Network */,
				C60B91521B3AE1A90000E035 /* Application */,
				C60B91641B3AEDCC0000E035 /* Preferences */,
				C63A6E8F1B3ADF100022A385 /* Images.xcassets */,
				C69B2CAE1B44E761002233FB /* Images */,
				C63A6E881B3ADF100022A385 /* Supporting Files */,
				C60B916C1B3AF6DE0000E035 /* Frameworks */,
				C69B2CC31B455B30002233FB /* NicoLiveAlert.entitlements */,
			);
			path = NicoLiveAlert;
			sourceTree = "<group>";
		};
		C63A6E881B3ADF100022A385 /* Supporting Files */ = {
			isa = PBXGroup;
			children = (
				C60B91591B3AE1E10000E035 /* Info.plist */,
				C60B915A1B3AE1E10000E035 /* main.m */,
			);
			name = "Supporting Files";
			sourceTree = "<group>";
		};
		C63A6E9B1B3ADF100022A385 /* NicoLiveAlertTests */ = {
			isa = PBXGroup;
			children = (
				C63A6E9E1B3ADF100022A385 /* NicoLiveAlertTests.m */,
				C63A6E9C1B3ADF100022A385 /* Supporting Files */,
			);
			path = NicoLiveAlertTests;
			sourceTree = "<group>";
		};
		C63A6E9C1B3ADF100022A385 /* Supporting Files */ = {
			isa = PBXGroup;
			children = (
				C63A6E9D1B3ADF100022A385 /* Info.plist */,
			);
			name = "Supporting Files";
			sourceTree = "<group>";
		};
		C69B2CAE1B44E761002233FB /* Images */ = {
			isa = PBXGroup;
			children = (
				C69B2CB11B44E78B002233FB /* watch.png */,
				C69B2CB71B44E8D7002233FB /* Password.png */,
				C69B2CB31B44E78B002233FB /* Applications.png */,
				C69B2CBC1B45245F002233FB /* About.png */,
				C69B2CB21B44E78B002233FB /* sbicon.png */,
				C69B2CAF1B44E777002233FB /* NicoLiveAlert.icns */,
			);
			name = Images;
			sourceTree = "<group>";
		};
		C69B2CBF1B454E83002233FB /* Program Management */ = {
			isa = PBXGroup;
			children = (
				C69B2CC01B45504B002233FB /* WatchItemsManager.h */,
				C69B2CC11B45504B002233FB /* WatchItemsManager.m */,
			);
			name = "Program Management";
			sourceTree = "<group>";
		};
		C6BDF92C1B3D3D3A0041F90F /* YCKeychainService */ = {
			isa = PBXGroup;
			children = (
				C6BDF92D1B3D3D580041F90F /* YCKeychainService.framework */,
			);
			name = YCKeychainService;
			sourceTree = "<group>";
		};
/* End PBXGroup section */

/* Begin PBXNativeTarget section */
		C63A6E841B3ADF100022A385 /* NicoLiveAlert */ = {
			isa = PBXNativeTarget;
			buildConfigurationList = C63A6EA21B3ADF100022A385 /* Build configuration list for PBXNativeTarget "NicoLiveAlert" */;
			buildPhases = (
				C63A6E811B3ADF100022A385 /* Sources */,
				C63A6E821B3ADF100022A385 /* Frameworks */,
				C63A6E831B3ADF100022A385 /* Resources */,
				C60B91781B3AF9A60000E035 /* Copy Frameworks */,
			);
			buildRules = (
			);
			dependencies = (
			);
			name = NicoLiveAlert;
			productName = NicoLiveAlert;
			productReference = C63A6E851B3ADF100022A385 /* NicoLiveAlert.app */;
			productType = "com.apple.product-type.application";
		};
		C63A6E971B3ADF100022A385 /* NicoLiveAlertTests */ = {
			isa = PBXNativeTarget;
			buildConfigurationList = C63A6EA51B3ADF100022A385 /* Build configuration list for PBXNativeTarget "NicoLiveAlertTests" */;
			buildPhases = (
				C63A6E941B3ADF100022A385 /* Sources */,
				C63A6E951B3ADF100022A385 /* Frameworks */,
				C63A6E961B3ADF100022A385 /* Resources */,
			);
			buildRules = (
			);
			dependencies = (
				C63A6E9A1B3ADF100022A385 /* PBXTargetDependency */,
			);
			name = NicoLiveAlertTests;
			productName = NicoLiveAlertTests;
			productReference = C63A6E981B3ADF100022A385 /* NicoLiveAlertTests.xctest */;
			productType = "com.apple.product-type.bundle.unit-test";
		};
/* End PBXNativeTarget section */

/* Begin PBXProject section */
		C63A6E7D1B3ADF100022A385 /* Project object */ = {
			isa = PBXProject;
			attributes = {
				LastUpgradeCheck = 0630;
				ORGANIZATIONNAME = "Instrumentality of Mankind";
				TargetAttributes = {
					C63A6E841B3ADF100022A385 = {
						CreatedOnToolsVersion = 6.3.2;
						SystemCapabilities = {
							com.apple.Sandbox = {
								enabled = 1;
							};
						};
					};
					C63A6E971B3ADF100022A385 = {
						CreatedOnToolsVersion = 6.3.2;
						TestTargetID = C63A6E841B3ADF100022A385;
					};
				};
			};
			buildConfigurationList = C63A6E801B3ADF100022A385 /* Build configuration list for PBXProject "NicoLiveAlert" */;
			compatibilityVersion = "Xcode 3.2";
			developmentRegion = English;
			hasScannedForEncodings = 0;
			knownRegions = (
				en,
				Base,
			);
			mainGroup = C63A6E7C1B3ADF100022A385;
			productRefGroup = C63A6E861B3ADF100022A385 /* Products */;
			projectDirPath = "";
			projectRoot = "";
			targets = (
				C63A6E841B3ADF100022A385 /* NicoLiveAlert */,
				C63A6E971B3ADF100022A385 /* NicoLiveAlertTests */,
			);
		};
/* End PBXProject section */

/* Begin PBXResourcesBuildPhase section */
		C63A6E831B3ADF100022A385 /* Resources */ = {
			isa = PBXResourcesBuildPhase;
			buildActionMask = 2147483647;
			files = (
				C63A6E901B3ADF100022A385 /* Images.xcassets in Resources */,
				C69B2CBB1B451505002233FB /* UsersDefaults.plist in Resources */,
				C630C7261B42D24F00128604 /* AboutController.xib in Resources */,
				C69B2CB81B44E8D7002233FB /* Password.png in Resources */,
				C69B2CB61B44E78B002233FB /* Applications.png in Resources */,
				C69B2CB41B44E78B002233FB /* watch.png in Resources */,
				C69B2CB51B44E78B002233FB /* sbicon.png in Resources */,
				C630C7271B42D24F00128604 /* CollaborationController.xib in Resources */,
				C60B91551B3AE1B90000E035 /* NicoLiveAlert.xib in Resources */,
				C69B2CBD1B45245F002233FB /* About.png in Resources */,
				C60B916B1B3AEDF70000E035 /* MASPreferencesWindow.xib in Resources */,
				C630C7291B42D24F00128604 /* WatchlistController.xib in Resources */,
				C69B2CB01B44E777002233FB /* NicoLiveAlert.icns in Resources */,
				C630C7281B42D24F00128604 /* AccountController.xib in Resources */,
			);
			runOnlyForDeploymentPostprocessing = 0;
		};
		C63A6E961B3ADF100022A385 /* Resources */ = {
			isa = PBXResourcesBuildPhase;
			buildActionMask = 2147483647;
			files = (
			);
			runOnlyForDeploymentPostprocessing = 0;
		};
/* End PBXResourcesBuildPhase section */

/* Begin PBXSourcesBuildPhase section */
		C63A6E811B3ADF100022A385 /* Sources */ = {
			isa = PBXSourcesBuildPhase;
			buildActionMask = 2147483647;
			files = (
				C630C7121B42CF5600128604 /* AccountController.m in Sources */,
				C630C7171B42CFA600128604 /* CollaborationController.m in Sources */,
				C623A9461B46A0CE00E63AD6 /* NLAUser.m in Sources */,
				C69B2CC21B45504B002233FB /* WatchItemsManager.m in Sources */,
				C60B91581B3AE1C90000E035 /* NicoLiveAlert.m in Sources */,
				C630C70D1B42CA5200128604 /* WatchlistController.m in Sources */,
				C630C71C1B42D15400128604 /* AboutController.m in Sources */,
				C60B91621B3AE32E0000E035 /* YCStreamSessionGCD.m in Sources */,
				C60B915C1B3AE1E10000E035 /* main.m in Sources */,
				C60B916A1B3AEDF70000E035 /* MASPreferencesWindowController.m in Sources */,
				C60B91631B3AE32E0000E035 /* HTTPConnection.m in Sources */,
			);
			runOnlyForDeploymentPostprocessing = 0;
		};
		C63A6E941B3ADF100022A385 /* Sources */ = {
			isa = PBXSourcesBuildPhase;
			buildActionMask = 2147483647;
			files = (
				C63A6E9F1B3ADF100022A385 /* NicoLiveAlertTests.m in Sources */,
			);
			runOnlyForDeploymentPostprocessing = 0;
		};
/* End PBXSourcesBuildPhase section */

/* Begin PBXTargetDependency section */
		C63A6E9A1B3ADF100022A385 /* PBXTargetDependency */ = {
			isa = PBXTargetDependency;
			target = C63A6E841B3ADF100022A385 /* NicoLiveAlert */;
			targetProxy = C63A6E991B3ADF100022A385 /* PBXContainerItemProxy */;
		};
/* End PBXTargetDependency section */

/* Begin PBXVariantGroup section */
		C60B91531B3AE1B90000E035 /* NicoLiveAlert.xib */ = {
			isa = PBXVariantGroup;
			children = (
				C60B91541B3AE1B90000E035 /* en */,
			);
			name = NicoLiveAlert.xib;
			sourceTree = "<group>";
		};
		C630C71E1B42D24F00128604 /* AboutController.xib */ = {
			isa = PBXVariantGroup;
			children = (
				C630C71F1B42D24F00128604 /* en */,
			);
			name = AboutController.xib;
			sourceTree = "<group>";
		};
		C630C7201B42D24F00128604 /* CollaborationController.xib */ = {
			isa = PBXVariantGroup;
			children = (
				C630C7211B42D24F00128604 /* en */,
			);
			name = CollaborationController.xib;
			sourceTree = "<group>";
		};
		C630C7221B42D24F00128604 /* AccountController.xib */ = {
			isa = PBXVariantGroup;
			children = (
				C630C7231B42D24F00128604 /* en */,
			);
			name = AccountController.xib;
			sourceTree = "<group>";
		};
		C630C7241B42D24F00128604 /* WatchlistController.xib */ = {
			isa = PBXVariantGroup;
			children = (
				C630C7251B42D24F00128604 /* en */,
			);
			name = WatchlistController.xib;
			sourceTree = "<group>";
		};
/* End PBXVariantGroup section */

/* Begin XCBuildConfiguration section */
		C63A6EA01B3ADF100022A385 /* Debug */ = {
			isa = XCBuildConfiguration;
			buildSettings = {
				ALWAYS_SEARCH_USER_PATHS = NO;
				CLANG_CXX_LANGUAGE_STANDARD = "gnu++0x";
				CLANG_CXX_LIBRARY = "libc++";
				CLANG_ENABLE_MODULES = YES;
				CLANG_ENABLE_OBJC_ARC = YES;
				CLANG_WARN_BOOL_CONVERSION = YES;
				CLANG_WARN_CONSTANT_CONVERSION = YES;
				CLANG_WARN_DIRECT_OBJC_ISA_USAGE = YES_ERROR;
				CLANG_WARN_EMPTY_BODY = YES;
				CLANG_WARN_ENUM_CONVERSION = YES;
				CLANG_WARN_INT_CONVERSION = YES;
				CLANG_WARN_OBJC_ROOT_CLASS = YES_ERROR;
				CLANG_WARN_UNREACHABLE_CODE = YES;
				CLANG_WARN__DUPLICATE_METHOD_MATCH = YES;
				CODE_SIGN_IDENTITY = "-";
				COPY_PHASE_STRIP = NO;
				DEBUG_INFORMATION_FORMAT = dwarf;
				ENABLE_STRICT_OBJC_MSGSEND = YES;
				GCC_C_LANGUAGE_STANDARD = gnu99;
				GCC_DYNAMIC_NO_PIC = NO;
				GCC_NO_COMMON_BLOCKS = YES;
				GCC_OPTIMIZATION_LEVEL = 0;
				GCC_PREPROCESSOR_DEFINITIONS = (
					"DEBUG=1",
					"$(inherited)",
				);
				GCC_SYMBOLS_PRIVATE_EXTERN = NO;
				GCC_WARN_64_TO_32_BIT_CONVERSION = YES;
				GCC_WARN_ABOUT_RETURN_TYPE = YES_ERROR;
				GCC_WARN_UNDECLARED_SELECTOR = YES;
				GCC_WARN_UNINITIALIZED_AUTOS = YES_AGGRESSIVE;
				GCC_WARN_UNUSED_FUNCTION = YES;
				GCC_WARN_UNUSED_VARIABLE = YES;
				MACOSX_DEPLOYMENT_TARGET = 10.10;
				MTL_ENABLE_DEBUG_INFO = YES;
				ONLY_ACTIVE_ARCH = YES;
				SDKROOT = macosx;
			};
			name = Debug;
		};
		C63A6EA11B3ADF100022A385 /* Release */ = {
			isa = XCBuildConfiguration;
			buildSettings = {
				ALWAYS_SEARCH_USER_PATHS = NO;
				CLANG_CXX_LANGUAGE_STANDARD = "gnu++0x";
				CLANG_CXX_LIBRARY = "libc++";
				CLANG_ENABLE_MODULES = YES;
				CLANG_ENABLE_OBJC_ARC = YES;
				CLANG_WARN_BOOL_CONVERSION = YES;
				CLANG_WARN_CONSTANT_CONVERSION = YES;
				CLANG_WARN_DIRECT_OBJC_ISA_USAGE = YES_ERROR;
				CLANG_WARN_EMPTY_BODY = YES;
				CLANG_WARN_ENUM_CONVERSION = YES;
				CLANG_WARN_INT_CONVERSION = YES;
				CLANG_WARN_OBJC_ROOT_CLASS = YES_ERROR;
				CLANG_WARN_UNREACHABLE_CODE = YES;
				CLANG_WARN__DUPLICATE_METHOD_MATCH = YES;
				CODE_SIGN_IDENTITY = "-";
				COPY_PHASE_STRIP = NO;
				DEBUG_INFORMATION_FORMAT = "dwarf-with-dsym";
				ENABLE_NS_ASSERTIONS = NO;
				ENABLE_STRICT_OBJC_MSGSEND = YES;
				GCC_C_LANGUAGE_STANDARD = gnu99;
				GCC_NO_COMMON_BLOCKS = YES;
				GCC_WARN_64_TO_32_BIT_CONVERSION = YES;
				GCC_WARN_ABOUT_RETURN_TYPE = YES_ERROR;
				GCC_WARN_UNDECLARED_SELECTOR = YES;
				GCC_WARN_UNINITIALIZED_AUTOS = YES_AGGRESSIVE;
				GCC_WARN_UNUSED_FUNCTION = YES;
				GCC_WARN_UNUSED_VARIABLE = YES;
				MACOSX_DEPLOYMENT_TARGET = 10.10;
				MTL_ENABLE_DEBUG_INFO = NO;
				SDKROOT = macosx;
			};
			name = Release;
		};
		C63A6EA31B3ADF100022A385 /* Debug */ = {
			isa = XCBuildConfiguration;
			buildSettings = {
				ASSETCATALOG_COMPILER_APPICON_NAME = AppIcon;
				CODE_SIGN_ENTITLEMENTS = NicoLiveAlert/NicoLiveAlert.entitlements;
				COMBINE_HIDPI_IMAGES = YES;
				FRAMEWORK_SEARCH_PATHS = (
					"$(inherited)",
					"$(PROJECT_DIR)/External/Sparkle/1.10",
					"$(PROJECT_DIR)/External/Growl/Framework",
					"$(PROJECT_DIR)/External/CocoaOniguruma",
					"$(PROJECT_DIR)/External/YCKeychainService",
				);
				INFOPLIST_FILE = "NicoLiveAlert/Supporting Files/Info.plist";
				LD_RUNPATH_SEARCH_PATHS = "$(inherited) @executable_path/../Frameworks";
				PRODUCT_NAME = "$(TARGET_NAME)";
			};
			name = Debug;
		};
		C63A6EA41B3ADF100022A385 /* Release */ = {
			isa = XCBuildConfiguration;
			buildSettings = {
				ASSETCATALOG_COMPILER_APPICON_NAME = AppIcon;
				CODE_SIGN_ENTITLEMENTS = NicoLiveAlert/NicoLiveAlert.entitlements;
				COMBINE_HIDPI_IMAGES = YES;
				FRAMEWORK_SEARCH_PATHS = (
					"$(inherited)",
					"$(PROJECT_DIR)/External/Sparkle/1.10",
					"$(PROJECT_DIR)/External/Growl/Framework",
					"$(PROJECT_DIR)/External/CocoaOniguruma",
					"$(PROJECT_DIR)/External/YCKeychainService",
				);
				INFOPLIST_FILE = "NicoLiveAlert/Supporting Files/Info.plist";
				LD_RUNPATH_SEARCH_PATHS = "$(inherited) @executable_path/../Frameworks";
				PRODUCT_NAME = "$(TARGET_NAME)";
			};
			name = Release;
		};
		C63A6EA61B3ADF100022A385 /* Debug */ = {
			isa = XCBuildConfiguration;
			buildSettings = {
				BUNDLE_LOADER = "$(TEST_HOST)";
				COMBINE_HIDPI_IMAGES = YES;
				FRAMEWORK_SEARCH_PATHS = (
					"$(DEVELOPER_FRAMEWORKS_DIR)",
					"$(inherited)",
				);
				GCC_PREPROCESSOR_DEFINITIONS = (
					"DEBUG=1",
					"$(inherited)",
				);
				INFOPLIST_FILE = NicoLiveAlertTests/Info.plist;
				LD_RUNPATH_SEARCH_PATHS = "$(inherited) @executable_path/../Frameworks @loader_path/../Frameworks";
				PRODUCT_NAME = "$(TARGET_NAME)";
				TEST_HOST = "$(BUILT_PRODUCTS_DIR)/NicoLiveAlert.app/Contents/MacOS/NicoLiveAlert";
			};
			name = Debug;
		};
		C63A6EA71B3ADF100022A385 /* Release */ = {
			isa = XCBuildConfiguration;
			buildSettings = {
				BUNDLE_LOADER = "$(TEST_HOST)";
				COMBINE_HIDPI_IMAGES = YES;
				FRAMEWORK_SEARCH_PATHS = (
					"$(DEVELOPER_FRAMEWORKS_DIR)",
					"$(inherited)",
				);
				INFOPLIST_FILE = NicoLiveAlertTests/Info.plist;
				LD_RUNPATH_SEARCH_PATHS = "$(inherited) @executable_path/../Frameworks @loader_path/../Frameworks";
				PRODUCT_NAME = "$(TARGET_NAME)";
				TEST_HOST = "$(BUILT_PRODUCTS_DIR)/NicoLiveAlert.app/Contents/MacOS/NicoLiveAlert";
			};
			name = Release;
		};
/* End XCBuildConfiguration section */

/* Begin XCConfigurationList section */
		C63A6E801B3ADF100022A385 /* Build configuration list for PBXProject "NicoLiveAlert" */ = {
			isa = XCConfigurationList;
			buildConfigurations = (
				C63A6EA01B3ADF100022A385 /* Debug */,
				C63A6EA11B3ADF100022A385 /* Release */,
			);
			defaultConfigurationIsVisible = 0;
			defaultConfigurationName = Release;
		};
		C63A6EA21B3ADF100022A385 /* Build configuration list for PBXNativeTarget "NicoLiveAlert" */ = {
			isa = XCConfigurationList;
			buildConfigurations = (
				C63A6EA31B3ADF100022A385 /* Debug */,
				C63A6EA41B3ADF100022A385 /* Release */,
			);
			defaultConfigurationIsVisible = 0;
			defaultConfigurationName = Release;
		};
		C63A6EA51B3ADF100022A385 /* Build configuration list for PBXNativeTarget "NicoLiveAlertTests" */ = {
			isa = XCConfigurationList;
			buildConfigurations = (
				C63A6EA61B3ADF100022A385 /* Debug */,
				C63A6EA71B3ADF100022A385 /* Release */,
			);
			defaultConfigurationIsVisible = 0;
			defaultConfigurationName = Release;
		};
/* End XCConfigurationList section */
	};
	rootObject = C63A6E7D1B3ADF100022A385 /* Project object */;
}
